// !$*UTF8*$!
{
	archiveVersion = 1;
	classes = {
	};
	objectVersion = 55;
	objects = {

/* Begin PBXBuildFile section */
		470C6AE22877BCA800AE5537 /* AppDelegate.swift in Sources */ = {isa = PBXBuildFile; fileRef = 470C6AE12877BCA800AE5537 /* AppDelegate.swift */; };
		470C6AE42877BCA800AE5537 /* SceneDelegate.swift in Sources */ = {isa = PBXBuildFile; fileRef = 470C6AE32877BCA800AE5537 /* SceneDelegate.swift */; };
		470C6AEB2877BCA900AE5537 /* Assets.xcassets in Resources */ = {isa = PBXBuildFile; fileRef = 470C6AEA2877BCA900AE5537 /* Assets.xcassets */; };
		470C6AEE2877BCA900AE5537 /* LaunchScreen.storyboard in Resources */ = {isa = PBXBuildFile; fileRef = 470C6AEC2877BCA900AE5537 /* LaunchScreen.storyboard */; };
		470C6AF92877BCA900AE5537 /* MercadoLibreTestTests.swift in Sources */ = {isa = PBXBuildFile; fileRef = 470C6AF82877BCA900AE5537 /* MercadoLibreTestTests.swift */; };
		470C6B032877BCA900AE5537 /* MercadoLibreTestUITests.swift in Sources */ = {isa = PBXBuildFile; fileRef = 470C6B022877BCA900AE5537 /* MercadoLibreTestUITests.swift */; };
		470C6B052877BCA900AE5537 /* MercadoLibreTestUITestsLaunchTests.swift in Sources */ = {isa = PBXBuildFile; fileRef = 470C6B042877BCA900AE5537 /* MercadoLibreTestUITestsLaunchTests.swift */; };
		4785CA26287BE9E1002A9C63 /* ProducListCollectionViewCell.swift in Sources */ = {isa = PBXBuildFile; fileRef = 4785CA24287BE9E1002A9C63 /* ProducListCollectionViewCell.swift */; };
		4785CA27287BE9E1002A9C63 /* ProducListCollectionViewCell.xib in Resources */ = {isa = PBXBuildFile; fileRef = 4785CA25287BE9E1002A9C63 /* ProducListCollectionViewCell.xib */; };
		478BBBBD287C775B00ECBFDB /* ImageCollectionViewCell.swift in Sources */ = {isa = PBXBuildFile; fileRef = 478BBBBB287C775B00ECBFDB /* ImageCollectionViewCell.swift */; };
		478BBBBE287C775B00ECBFDB /* ImageCollectionViewCell.xib in Resources */ = {isa = PBXBuildFile; fileRef = 478BBBBC287C775B00ECBFDB /* ImageCollectionViewCell.xib */; };
		4797BBF6287C6974005131E4 /* Constants.swift in Sources */ = {isa = PBXBuildFile; fileRef = 4797BBF5287C6974005131E4 /* Constants.swift */; };
		47B4D7472878C8100036244B /* Network.swift in Sources */ = {isa = PBXBuildFile; fileRef = 47B4D7462878C8100036244B /* Network.swift */; };
		47B4D74A2878CA2F0036244B /* Alamofire in Frameworks */ = {isa = PBXBuildFile; productRef = 47B4D7492878CA2F0036244B /* Alamofire */; };
		47B4D74D2878CA650036244B /* Kingfisher in Frameworks */ = {isa = PBXBuildFile; productRef = 47B4D74C2878CA650036244B /* Kingfisher */; };
		47B4D74F2878D08D0036244B /* EndPoint.swift in Sources */ = {isa = PBXBuildFile; fileRef = 47B4D74E2878D08D0036244B /* EndPoint.swift */; };
		47B4D7522878E4890036244B /* MatchesItemsResponse.swift in Sources */ = {isa = PBXBuildFile; fileRef = 47B4D7512878E4890036244B /* MatchesItemsResponse.swift */; };
		47ED2FE7287C944D00B276DB /* ItemResponse.swift in Sources */ = {isa = PBXBuildFile; fileRef = 47ED2FE6287C944D00B276DB /* ItemResponse.swift */; };
		47ED2FE9287CBAFC00B276DB /* Double.swift in Sources */ = {isa = PBXBuildFile; fileRef = 47ED2FE8287CBAFC00B276DB /* Double.swift */; };
		47F351192877C4020005B5AE /* BaseWireframe.swift in Sources */ = {isa = PBXBuildFile; fileRef = 47F351182877C4020005B5AE /* BaseWireframe.swift */; };
		47F3511B2877C9B60005B5AE /* ViewInterface.swift in Sources */ = {isa = PBXBuildFile; fileRef = 47F3511A2877C9B60005B5AE /* ViewInterface.swift */; };
		47F3511D2877CA190005B5AE /* PresenterInterface.swift in Sources */ = {isa = PBXBuildFile; fileRef = 47F3511C2877CA190005B5AE /* PresenterInterface.swift */; };
		47F3511F2877CA760005B5AE /* InteractorInterface.swift in Sources */ = {isa = PBXBuildFile; fileRef = 47F3511E2877CA760005B5AE /* InteractorInterface.swift */; };
		47F351252877CE590005B5AE /* ProductListWireframe.swift in Sources */ = {isa = PBXBuildFile; fileRef = 47F351242877CE590005B5AE /* ProductListWireframe.swift */; };
		47F351272877CE980005B5AE /* ProductListPresenter.swift in Sources */ = {isa = PBXBuildFile; fileRef = 47F351262877CE980005B5AE /* ProductListPresenter.swift */; };
		47F351292877CEB40005B5AE /* ProductListInteractor.swift in Sources */ = {isa = PBXBuildFile; fileRef = 47F351282877CEB40005B5AE /* ProductListInteractor.swift */; };
		47F3512B2877CED70005B5AE /* ProductListInterfaces.swift in Sources */ = {isa = PBXBuildFile; fileRef = 47F3512A2877CED70005B5AE /* ProductListInterfaces.swift */; };
		47F3512D2877CEEF0005B5AE /* ProductListViewController.swift in Sources */ = {isa = PBXBuildFile; fileRef = 47F3512C2877CEEF0005B5AE /* ProductListViewController.swift */; };
		47F351302877CFAF0005B5AE /* SearchInteractor.swift in Sources */ = {isa = PBXBuildFile; fileRef = 47F3512F2877CFAF0005B5AE /* SearchInteractor.swift */; };
		47F351322877CFC10005B5AE /* SearchInterfaces.swift in Sources */ = {isa = PBXBuildFile; fileRef = 47F351312877CFC10005B5AE /* SearchInterfaces.swift */; };
		47F351342877CFE70005B5AE /* SearchPresenter.swift in Sources */ = {isa = PBXBuildFile; fileRef = 47F351332877CFE70005B5AE /* SearchPresenter.swift */; };
		47F351362877D0040005B5AE /* SearchViewController.swift in Sources */ = {isa = PBXBuildFile; fileRef = 47F351352877D0040005B5AE /* SearchViewController.swift */; };
		47F351392877D08E0005B5AE /* SearchWireframe.swift in Sources */ = {isa = PBXBuildFile; fileRef = 47F351382877D08E0005B5AE /* SearchWireframe.swift */; };
		47F3513C2877D0F10005B5AE /* ProductDetailInteractor.swift in Sources */ = {isa = PBXBuildFile; fileRef = 47F3513B2877D0F10005B5AE /* ProductDetailInteractor.swift */; };
		47F3513E2877D1010005B5AE /* ProductDetailInterfaces.swift in Sources */ = {isa = PBXBuildFile; fileRef = 47F3513D2877D1010005B5AE /* ProductDetailInterfaces.swift */; };
		47F351402877D1150005B5AE /* ProductDetailPresenter.swift in Sources */ = {isa = PBXBuildFile; fileRef = 47F3513F2877D1150005B5AE /* ProductDetailPresenter.swift */; };
		47F351422877D1250005B5AE /* ProductDetailViewController.swift in Sources */ = {isa = PBXBuildFile; fileRef = 47F351412877D1250005B5AE /* ProductDetailViewController.swift */; };
		47F351442877D1400005B5AE /* ProductDetailWireframe.swift in Sources */ = {isa = PBXBuildFile; fileRef = 47F351432877D1400005B5AE /* ProductDetailWireframe.swift */; };
/* End PBXBuildFile section */

/* Begin PBXContainerItemProxy section */
		470C6AF52877BCA900AE5537 /* PBXContainerItemProxy */ = {
			isa = PBXContainerItemProxy;
			containerPortal = 470C6AD62877BCA800AE5537 /* Project object */;
			proxyType = 1;
			remoteGlobalIDString = 470C6ADD2877BCA800AE5537;
			remoteInfo = MercadoLibreTest;
		};
		470C6AFF2877BCA900AE5537 /* PBXContainerItemProxy */ = {
			isa = PBXContainerItemProxy;
			containerPortal = 470C6AD62877BCA800AE5537 /* Project object */;
			proxyType = 1;
			remoteGlobalIDString = 470C6ADD2877BCA800AE5537;
			remoteInfo = MercadoLibreTest;
		};
/* End PBXContainerItemProxy section */

/* Begin PBXFileReference section */
		470C6ADE2877BCA800AE5537 /* MercadoLibreTest.app */ = {isa = PBXFileReference; explicitFileType = wrapper.application; includeInIndex = 0; path = MercadoLibreTest.app; sourceTree = BUILT_PRODUCTS_DIR; };
		470C6AE12877BCA800AE5537 /* AppDelegate.swift */ = {isa = PBXFileReference; lastKnownFileType = sourcecode.swift; path = AppDelegate.swift; sourceTree = "<group>"; };
		470C6AE32877BCA800AE5537 /* SceneDelegate.swift */ = {isa = PBXFileReference; lastKnownFileType = sourcecode.swift; path = SceneDelegate.swift; sourceTree = "<group>"; };
		470C6AEA2877BCA900AE5537 /* Assets.xcassets */ = {isa = PBXFileReference; lastKnownFileType = folder.assetcatalog; path = Assets.xcassets; sourceTree = "<group>"; };
		470C6AED2877BCA900AE5537 /* Base */ = {isa = PBXFileReference; lastKnownFileType = file.storyboard; name = Base; path = Base.lproj/LaunchScreen.storyboard; sourceTree = "<group>"; };
		470C6AEF2877BCA900AE5537 /* Info.plist */ = {isa = PBXFileReference; lastKnownFileType = text.plist.xml; path = Info.plist; sourceTree = "<group>"; };
		470C6AF42877BCA900AE5537 /* MercadoLibreTestTests.xctest */ = {isa = PBXFileReference; explicitFileType = wrapper.cfbundle; includeInIndex = 0; path = MercadoLibreTestTests.xctest; sourceTree = BUILT_PRODUCTS_DIR; };
		470C6AF82877BCA900AE5537 /* MercadoLibreTestTests.swift */ = {isa = PBXFileReference; lastKnownFileType = sourcecode.swift; path = MercadoLibreTestTests.swift; sourceTree = "<group>"; };
		470C6AFE2877BCA900AE5537 /* MercadoLibreTestUITests.xctest */ = {isa = PBXFileReference; explicitFileType = wrapper.cfbundle; includeInIndex = 0; path = MercadoLibreTestUITests.xctest; sourceTree = BUILT_PRODUCTS_DIR; };
		470C6B022877BCA900AE5537 /* MercadoLibreTestUITests.swift */ = {isa = PBXFileReference; lastKnownFileType = sourcecode.swift; path = MercadoLibreTestUITests.swift; sourceTree = "<group>"; };
		470C6B042877BCA900AE5537 /* MercadoLibreTestUITestsLaunchTests.swift */ = {isa = PBXFileReference; lastKnownFileType = sourcecode.swift; path = MercadoLibreTestUITestsLaunchTests.swift; sourceTree = "<group>"; };
		4785CA24287BE9E1002A9C63 /* ProducListCollectionViewCell.swift */ = {isa = PBXFileReference; lastKnownFileType = sourcecode.swift; path = ProducListCollectionViewCell.swift; sourceTree = "<group>"; };
		4785CA25287BE9E1002A9C63 /* ProducListCollectionViewCell.xib */ = {isa = PBXFileReference; lastKnownFileType = file.xib; path = ProducListCollectionViewCell.xib; sourceTree = "<group>"; };
		478BBBBB287C775B00ECBFDB /* ImageCollectionViewCell.swift */ = {isa = PBXFileReference; lastKnownFileType = sourcecode.swift; path = ImageCollectionViewCell.swift; sourceTree = "<group>"; };
		478BBBBC287C775B00ECBFDB /* ImageCollectionViewCell.xib */ = {isa = PBXFileReference; lastKnownFileType = file.xib; path = ImageCollectionViewCell.xib; sourceTree = "<group>"; };
		4797BBF5287C6974005131E4 /* Constants.swift */ = {isa = PBXFileReference; lastKnownFileType = sourcecode.swift; path = Constants.swift; sourceTree = "<group>"; };
		47B4D7462878C8100036244B /* Network.swift */ = {isa = PBXFileReference; lastKnownFileType = sourcecode.swift; path = Network.swift; sourceTree = "<group>"; };
		47B4D74E2878D08D0036244B /* EndPoint.swift */ = {isa = PBXFileReference; lastKnownFileType = sourcecode.swift; path = EndPoint.swift; sourceTree = "<group>"; };
		47B4D7512878E4890036244B /* MatchesItemsResponse.swift */ = {isa = PBXFileReference; lastKnownFileType = sourcecode.swift; path = MatchesItemsResponse.swift; sourceTree = "<group>"; };
		47ED2FE6287C944D00B276DB /* ItemResponse.swift */ = {isa = PBXFileReference; lastKnownFileType = sourcecode.swift; path = ItemResponse.swift; sourceTree = "<group>"; };
		47ED2FE8287CBAFC00B276DB /* Double.swift */ = {isa = PBXFileReference; lastKnownFileType = sourcecode.swift; path = Double.swift; sourceTree = "<group>"; };
		47F351182877C4020005B5AE /* BaseWireframe.swift */ = {isa = PBXFileReference; lastKnownFileType = sourcecode.swift; path = BaseWireframe.swift; sourceTree = "<group>"; };
		47F3511A2877C9B60005B5AE /* ViewInterface.swift */ = {isa = PBXFileReference; lastKnownFileType = sourcecode.swift; path = ViewInterface.swift; sourceTree = "<group>"; };
		47F3511C2877CA190005B5AE /* PresenterInterface.swift */ = {isa = PBXFileReference; lastKnownFileType = sourcecode.swift; path = PresenterInterface.swift; sourceTree = "<group>"; };
		47F3511E2877CA760005B5AE /* InteractorInterface.swift */ = {isa = PBXFileReference; lastKnownFileType = sourcecode.swift; path = InteractorInterface.swift; sourceTree = "<group>"; };
		47F351242877CE590005B5AE /* ProductListWireframe.swift */ = {isa = PBXFileReference; lastKnownFileType = sourcecode.swift; path = ProductListWireframe.swift; sourceTree = "<group>"; };
		47F351262877CE980005B5AE /* ProductListPresenter.swift */ = {isa = PBXFileReference; lastKnownFileType = sourcecode.swift; path = ProductListPresenter.swift; sourceTree = "<group>"; };
		47F351282877CEB40005B5AE /* ProductListInteractor.swift */ = {isa = PBXFileReference; lastKnownFileType = sourcecode.swift; path = ProductListInteractor.swift; sourceTree = "<group>"; };
		47F3512A2877CED70005B5AE /* ProductListInterfaces.swift */ = {isa = PBXFileReference; lastKnownFileType = sourcecode.swift; path = ProductListInterfaces.swift; sourceTree = "<group>"; };
		47F3512C2877CEEF0005B5AE /* ProductListViewController.swift */ = {isa = PBXFileReference; lastKnownFileType = sourcecode.swift; path = ProductListViewController.swift; sourceTree = "<group>"; };
		47F3512F2877CFAF0005B5AE /* SearchInteractor.swift */ = {isa = PBXFileReference; lastKnownFileType = sourcecode.swift; path = SearchInteractor.swift; sourceTree = "<group>"; };
		47F351312877CFC10005B5AE /* SearchInterfaces.swift */ = {isa = PBXFileReference; lastKnownFileType = sourcecode.swift; path = SearchInterfaces.swift; sourceTree = "<group>"; };
		47F351332877CFE70005B5AE /* SearchPresenter.swift */ = {isa = PBXFileReference; lastKnownFileType = sourcecode.swift; path = SearchPresenter.swift; sourceTree = "<group>"; };
		47F351352877D0040005B5AE /* SearchViewController.swift */ = {isa = PBXFileReference; lastKnownFileType = sourcecode.swift; path = SearchViewController.swift; sourceTree = "<group>"; };
		47F351382877D08E0005B5AE /* SearchWireframe.swift */ = {isa = PBXFileReference; lastKnownFileType = sourcecode.swift; path = SearchWireframe.swift; sourceTree = "<group>"; };
		47F3513B2877D0F10005B5AE /* ProductDetailInteractor.swift */ = {isa = PBXFileReference; lastKnownFileType = sourcecode.swift; path = ProductDetailInteractor.swift; sourceTree = "<group>"; };
		47F3513D2877D1010005B5AE /* ProductDetailInterfaces.swift */ = {isa = PBXFileReference; lastKnownFileType = sourcecode.swift; path = ProductDetailInterfaces.swift; sourceTree = "<group>"; };
		47F3513F2877D1150005B5AE /* ProductDetailPresenter.swift */ = {isa = PBXFileReference; lastKnownFileType = sourcecode.swift; path = ProductDetailPresenter.swift; sourceTree = "<group>"; };
		47F351412877D1250005B5AE /* ProductDetailViewController.swift */ = {isa = PBXFileReference; lastKnownFileType = sourcecode.swift; path = ProductDetailViewController.swift; sourceTree = "<group>"; };
		47F351432877D1400005B5AE /* ProductDetailWireframe.swift */ = {isa = PBXFileReference; lastKnownFileType = sourcecode.swift; path = ProductDetailWireframe.swift; sourceTree = "<group>"; };
/* End PBXFileReference section */

/* Begin PBXFrameworksBuildPhase section */
		470C6ADB2877BCA800AE5537 /* Frameworks */ = {
			isa = PBXFrameworksBuildPhase;
			buildActionMask = 2147483647;
			files = (
				47B4D74D2878CA650036244B /* Kingfisher in Frameworks */,
				47B4D74A2878CA2F0036244B /* Alamofire in Frameworks */,
			);
			runOnlyForDeploymentPostprocessing = 0;
		};
		470C6AF12877BCA900AE5537 /* Frameworks */ = {
			isa = PBXFrameworksBuildPhase;
			buildActionMask = 2147483647;
			files = (
			);
			runOnlyForDeploymentPostprocessing = 0;
		};
		470C6AFB2877BCA900AE5537 /* Frameworks */ = {
			isa = PBXFrameworksBuildPhase;
			buildActionMask = 2147483647;
			files = (
			);
			runOnlyForDeploymentPostprocessing = 0;
		};
/* End PBXFrameworksBuildPhase section */

/* Begin PBXGroup section */
		470C6AD52877BCA800AE5537 = {
			isa = PBXGroup;
			children = (
				470C6AE02877BCA800AE5537 /* MercadoLibreTest */,
				470C6AF72877BCA900AE5537 /* MercadoLibreTestTests */,
				470C6B012877BCA900AE5537 /* MercadoLibreTestUITests */,
				470C6ADF2877BCA800AE5537 /* Products */,
			);
			sourceTree = "<group>";
		};
		470C6ADF2877BCA800AE5537 /* Products */ = {
			isa = PBXGroup;
			children = (
				470C6ADE2877BCA800AE5537 /* MercadoLibreTest.app */,
				470C6AF42877BCA900AE5537 /* MercadoLibreTestTests.xctest */,
				470C6AFE2877BCA900AE5537 /* MercadoLibreTestUITests.xctest */,
			);
			name = Products;
			sourceTree = "<group>";
		};
		470C6AE02877BCA800AE5537 /* MercadoLibreTest */ = {
			isa = PBXGroup;
			children = (
				47F351212877CABF0005B5AE /* App */,
				47F351372877D0560005B5AE /* Common */,
				47F351222877CD1C0005B5AE /* Modules */,
			);
			path = MercadoLibreTest;
			sourceTree = "<group>";
		};
		470C6AF72877BCA900AE5537 /* MercadoLibreTestTests */ = {
			isa = PBXGroup;
			children = (
				470C6AF82877BCA900AE5537 /* MercadoLibreTestTests.swift */,
			);
			path = MercadoLibreTestTests;
			sourceTree = "<group>";
		};
		470C6B012877BCA900AE5537 /* MercadoLibreTestUITests */ = {
			isa = PBXGroup;
			children = (
				470C6B022877BCA900AE5537 /* MercadoLibreTestUITests.swift */,
				470C6B042877BCA900AE5537 /* MercadoLibreTestUITestsLaunchTests.swift */,
			);
			path = MercadoLibreTestUITests;
			sourceTree = "<group>";
		};
		47784687287877A3007857E3 /* Utils */ = {
			isa = PBXGroup;
			children = (
				4797BBF5287C6974005131E4 /* Constants.swift */,
				47ED2FE8287CBAFC00B276DB /* Double.swift */,
			);
			path = Utils;
			sourceTree = "<group>";
		};
		4785CA28287BE9E7002A9C63 /* View */ = {
			isa = PBXGroup;
			children = (
				47F3512C2877CEEF0005B5AE /* ProductListViewController.swift */,
				4785CA29287BEA00002A9C63 /* Cell */,
			);
			path = View;
			sourceTree = "<group>";
		};
		4785CA29287BEA00002A9C63 /* Cell */ = {
			isa = PBXGroup;
			children = (
				4785CA24287BE9E1002A9C63 /* ProducListCollectionViewCell.swift */,
				4785CA25287BE9E1002A9C63 /* ProducListCollectionViewCell.xib */,
			);
			path = Cell;
			sourceTree = "<group>";
		};
		478BBBB9287C772F00ECBFDB /* View */ = {
			isa = PBXGroup;
			children = (
				47F351412877D1250005B5AE /* ProductDetailViewController.swift */,
				478BBBBA287C773C00ECBFDB /* Cell */,
			);
			path = View;
			sourceTree = "<group>";
		};
		478BBBBA287C773C00ECBFDB /* Cell */ = {
			isa = PBXGroup;
			children = (
				478BBBBB287C775B00ECBFDB /* ImageCollectionViewCell.swift */,
				478BBBBC287C775B00ECBFDB /* ImageCollectionViewCell.xib */,
			);
			path = Cell;
			sourceTree = "<group>";
		};
		47B4D7452878C7FE0036244B /* Network */ = {
			isa = PBXGroup;
			children = (
				47B4D7462878C8100036244B /* Network.swift */,
				47B4D74E2878D08D0036244B /* EndPoint.swift */,
			);
			path = Network;
			sourceTree = "<group>";
		};
		47B4D7502878E4770036244B /* Models */ = {
			isa = PBXGroup;
			children = (
				47B4D7512878E4890036244B /* MatchesItemsResponse.swift */,
				47ED2FE6287C944D00B276DB /* ItemResponse.swift */,
			);
			path = Models;
			sourceTree = "<group>";
		};
		47F351202877CA860005B5AE /* Base */ = {
			isa = PBXGroup;
			children = (
				47F351182877C4020005B5AE /* BaseWireframe.swift */,
				47F3511A2877C9B60005B5AE /* ViewInterface.swift */,
				47F3511C2877CA190005B5AE /* PresenterInterface.swift */,
				47F3511E2877CA760005B5AE /* InteractorInterface.swift */,
			);
			path = Base;
			sourceTree = "<group>";
		};
		47F351212877CABF0005B5AE /* App */ = {
			isa = PBXGroup;
			children = (
				470C6AEF2877BCA900AE5537 /* Info.plist */,
				470C6AE12877BCA800AE5537 /* AppDelegate.swift */,
				470C6AE32877BCA800AE5537 /* SceneDelegate.swift */,
				470C6AEA2877BCA900AE5537 /* Assets.xcassets */,
				470C6AEC2877BCA900AE5537 /* LaunchScreen.storyboard */,
			);
			path = App;
			sourceTree = "<group>";
		};
		47F351222877CD1C0005B5AE /* Modules */ = {
			isa = PBXGroup;
			children = (
				47F3513A2877D0A70005B5AE /* ProductDetail */,
				47F351232877CE1E0005B5AE /* ProductList */,
				47F3512E2877CF8F0005B5AE /* Search */,
			);
			path = Modules;
			sourceTree = "<group>";
		};
		47F351232877CE1E0005B5AE /* ProductList */ = {
			isa = PBXGroup;
			children = (
				4785CA28287BE9E7002A9C63 /* View */,
				47F351282877CEB40005B5AE /* ProductListInteractor.swift */,
				47F3512A2877CED70005B5AE /* ProductListInterfaces.swift */,
				47F351262877CE980005B5AE /* ProductListPresenter.swift */,
				47F351242877CE590005B5AE /* ProductListWireframe.swift */,
			);
			path = ProductList;
			sourceTree = "<group>";
		};
		47F3512E2877CF8F0005B5AE /* Search */ = {
			isa = PBXGroup;
			children = (
				47F3512F2877CFAF0005B5AE /* SearchInteractor.swift */,
				47F351312877CFC10005B5AE /* SearchInterfaces.swift */,
				47F351332877CFE70005B5AE /* SearchPresenter.swift */,
				47F351352877D0040005B5AE /* SearchViewController.swift */,
				47F351382877D08E0005B5AE /* SearchWireframe.swift */,
			);
			path = Search;
			sourceTree = "<group>";
		};
		47F351372877D0560005B5AE /* Common */ = {
			isa = PBXGroup;
			children = (
				47B4D7502878E4770036244B /* Models */,
				47B4D7452878C7FE0036244B /* Network */,
				47F351202877CA860005B5AE /* Base */,
				47784687287877A3007857E3 /* Utils */,
			);
			path = Common;
			sourceTree = "<group>";
		};
		47F3513A2877D0A70005B5AE /* ProductDetail */ = {
			isa = PBXGroup;
			children = (
				478BBBB9287C772F00ECBFDB /* View */,
				47F3513B2877D0F10005B5AE /* ProductDetailInteractor.swift */,
				47F3513D2877D1010005B5AE /* ProductDetailInterfaces.swift */,
				47F3513F2877D1150005B5AE /* ProductDetailPresenter.swift */,
				47F351432877D1400005B5AE /* ProductDetailWireframe.swift */,
			);
			path = ProductDetail;
			sourceTree = "<group>";
		};
/* End PBXGroup section */

/* Begin PBXNativeTarget section */
		470C6ADD2877BCA800AE5537 /* MercadoLibreTest */ = {
			isa = PBXNativeTarget;
			buildConfigurationList = 470C6B082877BCA900AE5537 /* Build configuration list for PBXNativeTarget "MercadoLibreTest" */;
			buildPhases = (
				470C6ADA2877BCA800AE5537 /* Sources */,
				470C6ADB2877BCA800AE5537 /* Frameworks */,
				470C6ADC2877BCA800AE5537 /* Resources */,
			);
			buildRules = (
			);
			dependencies = (
			);
			name = MercadoLibreTest;
			packageProductDependencies = (
				47B4D7492878CA2F0036244B /* Alamofire */,
				47B4D74C2878CA650036244B /* Kingfisher */,
			);
			productName = MercadoLibreTest;
			productReference = 470C6ADE2877BCA800AE5537 /* MercadoLibreTest.app */;
			productType = "com.apple.product-type.application";
		};
		470C6AF32877BCA900AE5537 /* MercadoLibreTestTests */ = {
			isa = PBXNativeTarget;
			buildConfigurationList = 470C6B0B2877BCA900AE5537 /* Build configuration list for PBXNativeTarget "MercadoLibreTestTests" */;
			buildPhases = (
				470C6AF02877BCA900AE5537 /* Sources */,
				470C6AF12877BCA900AE5537 /* Frameworks */,
				470C6AF22877BCA900AE5537 /* Resources */,
			);
			buildRules = (
			);
			dependencies = (
				470C6AF62877BCA900AE5537 /* PBXTargetDependency */,
			);
			name = MercadoLibreTestTests;
			productName = MercadoLibreTestTests;
			productReference = 470C6AF42877BCA900AE5537 /* MercadoLibreTestTests.xctest */;
			productType = "com.apple.product-type.bundle.unit-test";
		};
		470C6AFD2877BCA900AE5537 /* MercadoLibreTestUITests */ = {
			isa = PBXNativeTarget;
			buildConfigurationList = 470C6B0E2877BCA900AE5537 /* Build configuration list for PBXNativeTarget "MercadoLibreTestUITests" */;
			buildPhases = (
				470C6AFA2877BCA900AE5537 /* Sources */,
				470C6AFB2877BCA900AE5537 /* Frameworks */,
				470C6AFC2877BCA900AE5537 /* Resources */,
			);
			buildRules = (
			);
			dependencies = (
				470C6B002877BCA900AE5537 /* PBXTargetDependency */,
			);
			name = MercadoLibreTestUITests;
			productName = MercadoLibreTestUITests;
			productReference = 470C6AFE2877BCA900AE5537 /* MercadoLibreTestUITests.xctest */;
			productType = "com.apple.product-type.bundle.ui-testing";
		};
/* End PBXNativeTarget section */

/* Begin PBXProject section */
		470C6AD62877BCA800AE5537 /* Project object */ = {
			isa = PBXProject;
			attributes = {
				BuildIndependentTargetsInParallel = 1;
				LastSwiftUpdateCheck = 1340;
				LastUpgradeCheck = 1340;
				TargetAttributes = {
					470C6ADD2877BCA800AE5537 = {
						CreatedOnToolsVersion = 13.4.1;
					};
					470C6AF32877BCA900AE5537 = {
						CreatedOnToolsVersion = 13.4.1;
						TestTargetID = 470C6ADD2877BCA800AE5537;
					};
					470C6AFD2877BCA900AE5537 = {
						CreatedOnToolsVersion = 13.4.1;
						TestTargetID = 470C6ADD2877BCA800AE5537;
					};
				};
			};
			buildConfigurationList = 470C6AD92877BCA800AE5537 /* Build configuration list for PBXProject "MercadoLibreTest" */;
			compatibilityVersion = "Xcode 13.0";
			developmentRegion = en;
			hasScannedForEncodings = 0;
			knownRegions = (
				en,
				Base,
			);
			mainGroup = 470C6AD52877BCA800AE5537;
			packageReferences = (
				47B4D7482878CA2F0036244B /* XCRemoteSwiftPackageReference "Alamofire" */,
				47B4D74B2878CA650036244B /* XCRemoteSwiftPackageReference "Kingfisher" */,
			);
			productRefGroup = 470C6ADF2877BCA800AE5537 /* Products */;
			projectDirPath = "";
			projectRoot = "";
			targets = (
				470C6ADD2877BCA800AE5537 /* MercadoLibreTest */,
				470C6AF32877BCA900AE5537 /* MercadoLibreTestTests */,
				470C6AFD2877BCA900AE5537 /* MercadoLibreTestUITests */,
			);
		};
/* End PBXProject section */

/* Begin PBXResourcesBuildPhase section */
		470C6ADC2877BCA800AE5537 /* Resources */ = {
			isa = PBXResourcesBuildPhase;
			buildActionMask = 2147483647;
			files = (
				4785CA27287BE9E1002A9C63 /* ProducListCollectionViewCell.xib in Resources */,
				470C6AEE2877BCA900AE5537 /* LaunchScreen.storyboard in Resources */,
				478BBBBE287C775B00ECBFDB /* ImageCollectionViewCell.xib in Resources */,
				470C6AEB2877BCA900AE5537 /* Assets.xcassets in Resources */,
			);
			runOnlyForDeploymentPostprocessing = 0;
		};
		470C6AF22877BCA900AE5537 /* Resources */ = {
			isa = PBXResourcesBuildPhase;
			buildActionMask = 2147483647;
			files = (
			);
			runOnlyForDeploymentPostprocessing = 0;
		};
		470C6AFC2877BCA900AE5537 /* Resources */ = {
			isa = PBXResourcesBuildPhase;
			buildActionMask = 2147483647;
			files = (
			);
			runOnlyForDeploymentPostprocessing = 0;
		};
/* End PBXResourcesBuildPhase section */

/* Begin PBXSourcesBuildPhase section */
		470C6ADA2877BCA800AE5537 /* Sources */ = {
			isa = PBXSourcesBuildPhase;
			buildActionMask = 2147483647;
			files = (
				47F351252877CE590005B5AE /* ProductListWireframe.swift in Sources */,
				47F351422877D1250005B5AE /* ProductDetailViewController.swift in Sources */,
				47F351342877CFE70005B5AE /* SearchPresenter.swift in Sources */,
				47ED2FE7287C944D00B276DB /* ItemResponse.swift in Sources */,
				47F3511B2877C9B60005B5AE /* ViewInterface.swift in Sources */,
				47F351302877CFAF0005B5AE /* SearchInteractor.swift in Sources */,
				47F351292877CEB40005B5AE /* ProductListInteractor.swift in Sources */,
				47F3511F2877CA760005B5AE /* InteractorInterface.swift in Sources */,
				4797BBF6287C6974005131E4 /* Constants.swift in Sources */,
				4785CA26287BE9E1002A9C63 /* ProducListCollectionViewCell.swift in Sources */,
				47F3511D2877CA190005B5AE /* PresenterInterface.swift in Sources */,
				47F351392877D08E0005B5AE /* SearchWireframe.swift in Sources */,
				47F3513E2877D1010005B5AE /* ProductDetailInterfaces.swift in Sources */,
				47F3513C2877D0F10005B5AE /* ProductDetailInteractor.swift in Sources */,
				470C6AE22877BCA800AE5537 /* AppDelegate.swift in Sources */,
				47F351272877CE980005B5AE /* ProductListPresenter.swift in Sources */,
				478BBBBD287C775B00ECBFDB /* ImageCollectionViewCell.swift in Sources */,
				47F351362877D0040005B5AE /* SearchViewController.swift in Sources */,
				47F351442877D1400005B5AE /* ProductDetailWireframe.swift in Sources */,
				47F351322877CFC10005B5AE /* SearchInterfaces.swift in Sources */,
				47B4D7472878C8100036244B /* Network.swift in Sources */,
				47F351402877D1150005B5AE /* ProductDetailPresenter.swift in Sources */,
				47F3512B2877CED70005B5AE /* ProductListInterfaces.swift in Sources */,
				47B4D7522878E4890036244B /* MatchesItemsResponse.swift in Sources */,
				470C6AE42877BCA800AE5537 /* SceneDelegate.swift in Sources */,
				47B4D74F2878D08D0036244B /* EndPoint.swift in Sources */,
				47F351192877C4020005B5AE /* BaseWireframe.swift in Sources */,
				47ED2FE9287CBAFC00B276DB /* Double.swift in Sources */,
				47F3512D2877CEEF0005B5AE /* ProductListViewController.swift in Sources */,
			);
			runOnlyForDeploymentPostprocessing = 0;
		};
		470C6AF02877BCA900AE5537 /* Sources */ = {
			isa = PBXSourcesBuildPhase;
			buildActionMask = 2147483647;
			files = (
				470C6AF92877BCA900AE5537 /* MercadoLibreTestTests.swift in Sources */,
			);
			runOnlyForDeploymentPostprocessing = 0;
		};
		470C6AFA2877BCA900AE5537 /* Sources */ = {
			isa = PBXSourcesBuildPhase;
			buildActionMask = 2147483647;
			files = (
				470C6B032877BCA900AE5537 /* MercadoLibreTestUITests.swift in Sources */,
				470C6B052877BCA900AE5537 /* MercadoLibreTestUITestsLaunchTests.swift in Sources */,
			);
			runOnlyForDeploymentPostprocessing = 0;
		};
/* End PBXSourcesBuildPhase section */

/* Begin PBXTargetDependency section */
		470C6AF62877BCA900AE5537 /* PBXTargetDependency */ = {
			isa = PBXTargetDependency;
			target = 470C6ADD2877BCA800AE5537 /* MercadoLibreTest */;
			targetProxy = 470C6AF52877BCA900AE5537 /* PBXContainerItemProxy */;
		};
		470C6B002877BCA900AE5537 /* PBXTargetDependency */ = {
			isa = PBXTargetDependency;
			target = 470C6ADD2877BCA800AE5537 /* MercadoLibreTest */;
			targetProxy = 470C6AFF2877BCA900AE5537 /* PBXContainerItemProxy */;
		};
/* End PBXTargetDependency section */

/* Begin PBXVariantGroup section */
		470C6AEC2877BCA900AE5537 /* LaunchScreen.storyboard */ = {
			isa = PBXVariantGroup;
			children = (
				470C6AED2877BCA900AE5537 /* Base */,
			);
			name = LaunchScreen.storyboard;
			sourceTree = "<group>";
		};
/* End PBXVariantGroup section */

/* Begin XCBuildConfiguration section */
		470C6B062877BCA900AE5537 /* Debug */ = {
			isa = XCBuildConfiguration;
			buildSettings = {
				ALWAYS_SEARCH_USER_PATHS = NO;
				CLANG_ANALYZER_NONNULL = YES;
				CLANG_ANALYZER_NUMBER_OBJECT_CONVERSION = YES_AGGRESSIVE;
				CLANG_CXX_LANGUAGE_STANDARD = "gnu++17";
				CLANG_ENABLE_MODULES = YES;
				CLANG_ENABLE_OBJC_ARC = YES;
				CLANG_ENABLE_OBJC_WEAK = YES;
				CLANG_WARN_BLOCK_CAPTURE_AUTORELEASING = YES;
				CLANG_WARN_BOOL_CONVERSION = YES;
				CLANG_WARN_COMMA = YES;
				CLANG_WARN_CONSTANT_CONVERSION = YES;
				CLANG_WARN_DEPRECATED_OBJC_IMPLEMENTATIONS = YES;
				CLANG_WARN_DIRECT_OBJC_ISA_USAGE = YES_ERROR;
				CLANG_WARN_DOCUMENTATION_COMMENTS = YES;
				CLANG_WARN_EMPTY_BODY = YES;
				CLANG_WARN_ENUM_CONVERSION = YES;
				CLANG_WARN_INFINITE_RECURSION = YES;
				CLANG_WARN_INT_CONVERSION = YES;
				CLANG_WARN_NON_LITERAL_NULL_CONVERSION = YES;
				CLANG_WARN_OBJC_IMPLICIT_RETAIN_SELF = YES;
				CLANG_WARN_OBJC_LITERAL_CONVERSION = YES;
				CLANG_WARN_OBJC_ROOT_CLASS = YES_ERROR;
				CLANG_WARN_QUOTED_INCLUDE_IN_FRAMEWORK_HEADER = YES;
				CLANG_WARN_RANGE_LOOP_ANALYSIS = YES;
				CLANG_WARN_STRICT_PROTOTYPES = YES;
				CLANG_WARN_SUSPICIOUS_MOVE = YES;
				CLANG_WARN_UNGUARDED_AVAILABILITY = YES_AGGRESSIVE;
				CLANG_WARN_UNREACHABLE_CODE = YES;
				CLANG_WARN__DUPLICATE_METHOD_MATCH = YES;
				COPY_PHASE_STRIP = NO;
				DEBUG_INFORMATION_FORMAT = dwarf;
				ENABLE_STRICT_OBJC_MSGSEND = YES;
				ENABLE_TESTABILITY = YES;
				GCC_C_LANGUAGE_STANDARD = gnu11;
				GCC_DYNAMIC_NO_PIC = NO;
				GCC_NO_COMMON_BLOCKS = YES;
				GCC_OPTIMIZATION_LEVEL = 0;
				GCC_PREPROCESSOR_DEFINITIONS = (
					"DEBUG=1",
					"$(inherited)",
				);
				GCC_WARN_64_TO_32_BIT_CONVERSION = YES;
				GCC_WARN_ABOUT_RETURN_TYPE = YES_ERROR;
				GCC_WARN_UNDECLARED_SELECTOR = YES;
				GCC_WARN_UNINITIALIZED_AUTOS = YES_AGGRESSIVE;
				GCC_WARN_UNUSED_FUNCTION = YES;
				GCC_WARN_UNUSED_VARIABLE = YES;
				IPHONEOS_DEPLOYMENT_TARGET = 15.5;
				MTL_ENABLE_DEBUG_INFO = INCLUDE_SOURCE;
				MTL_FAST_MATH = YES;
				ONLY_ACTIVE_ARCH = YES;
				SDKROOT = iphoneos;
				SWIFT_ACTIVE_COMPILATION_CONDITIONS = DEBUG;
				SWIFT_OPTIMIZATION_LEVEL = "-Onone";
			};
			name = Debug;
		};
		470C6B072877BCA900AE5537 /* Release */ = {
			isa = XCBuildConfiguration;
			buildSettings = {
				ALWAYS_SEARCH_USER_PATHS = NO;
				CLANG_ANALYZER_NONNULL = YES;
				CLANG_ANALYZER_NUMBER_OBJECT_CONVERSION = YES_AGGRESSIVE;
				CLANG_CXX_LANGUAGE_STANDARD = "gnu++17";
				CLANG_ENABLE_MODULES = YES;
				CLANG_ENABLE_OBJC_ARC = YES;
				CLANG_ENABLE_OBJC_WEAK = YES;
				CLANG_WARN_BLOCK_CAPTURE_AUTORELEASING = YES;
				CLANG_WARN_BOOL_CONVERSION = YES;
				CLANG_WARN_COMMA = YES;
				CLANG_WARN_CONSTANT_CONVERSION = YES;
				CLANG_WARN_DEPRECATED_OBJC_IMPLEMENTATIONS = YES;
				CLANG_WARN_DIRECT_OBJC_ISA_USAGE = YES_ERROR;
				CLANG_WARN_DOCUMENTATION_COMMENTS = YES;
				CLANG_WARN_EMPTY_BODY = YES;
				CLANG_WARN_ENUM_CONVERSION = YES;
				CLANG_WARN_INFINITE_RECURSION = YES;
				CLANG_WARN_INT_CONVERSION = YES;
				CLANG_WARN_NON_LITERAL_NULL_CONVERSION = YES;
				CLANG_WARN_OBJC_IMPLICIT_RETAIN_SELF = YES;
				CLANG_WARN_OBJC_LITERAL_CONVERSION = YES;
				CLANG_WARN_OBJC_ROOT_CLASS = YES_ERROR;
				CLANG_WARN_QUOTED_INCLUDE_IN_FRAMEWORK_HEADER = YES;
				CLANG_WARN_RANGE_LOOP_ANALYSIS = YES;
				CLANG_WARN_STRICT_PROTOTYPES = YES;
				CLANG_WARN_SUSPICIOUS_MOVE = YES;
				CLANG_WARN_UNGUARDED_AVAILABILITY = YES_AGGRESSIVE;
				CLANG_WARN_UNREACHABLE_CODE = YES;
				CLANG_WARN__DUPLICATE_METHOD_MATCH = YES;
				COPY_PHASE_STRIP = NO;
				DEBUG_INFORMATION_FORMAT = "dwarf-with-dsym";
				ENABLE_NS_ASSERTIONS = NO;
				ENABLE_STRICT_OBJC_MSGSEND = YES;
				GCC_C_LANGUAGE_STANDARD = gnu11;
				GCC_NO_COMMON_BLOCKS = YES;
				GCC_WARN_64_TO_32_BIT_CONVERSION = YES;
				GCC_WARN_ABOUT_RETURN_TYPE = YES_ERROR;
				GCC_WARN_UNDECLARED_SELECTOR = YES;
				GCC_WARN_UNINITIALIZED_AUTOS = YES_AGGRESSIVE;
				GCC_WARN_UNUSED_FUNCTION = YES;
				GCC_WARN_UNUSED_VARIABLE = YES;
				IPHONEOS_DEPLOYMENT_TARGET = 15.5;
				MTL_ENABLE_DEBUG_INFO = NO;
				MTL_FAST_MATH = YES;
				SDKROOT = iphoneos;
				SWIFT_COMPILATION_MODE = wholemodule;
				SWIFT_OPTIMIZATION_LEVEL = "-O";
				VALIDATE_PRODUCT = YES;
			};
			name = Release;
		};
		470C6B092877BCA900AE5537 /* Debug */ = {
			isa = XCBuildConfiguration;
			buildSettings = {
				ASSETCATALOG_COMPILER_APPICON_NAME = AppIcon;
				ASSETCATALOG_COMPILER_GLOBAL_ACCENT_COLOR_NAME = AccentColor;
				CODE_SIGN_STYLE = Automatic;
				CURRENT_PROJECT_VERSION = 1;
				DEVELOPMENT_TEAM = 78AHQ4893X;
				GENERATE_INFOPLIST_FILE = YES;
				INFOPLIST_FILE = MercadoLibreTest/App/Info.plist;
				INFOPLIST_KEY_UIApplicationSupportsIndirectInputEvents = YES;
				INFOPLIST_KEY_UILaunchStoryboardName = LaunchScreen;
				INFOPLIST_KEY_UISupportedInterfaceOrientations_iPad = "UIInterfaceOrientationPortrait UIInterfaceOrientationPortraitUpsideDown UIInterfaceOrientationLandscapeLeft UIInterfaceOrientationLandscapeRight";
				INFOPLIST_KEY_UISupportedInterfaceOrientations_iPhone = "UIInterfaceOrientationPortrait UIInterfaceOrientationLandscapeLeft UIInterfaceOrientationLandscapeRight";
				LD_RUNPATH_SEARCH_PATHS = (
					"$(inherited)",
					"@executable_path/Frameworks",
				);
				MARKETING_VERSION = 1.0;
				PRODUCT_BUNDLE_IDENTIFIER = com.jmonsalve.MercadoLibreTest;
				PRODUCT_NAME = "$(TARGET_NAME)";
				SWIFT_EMIT_LOC_STRINGS = YES;
				SWIFT_VERSION = 5.0;
				TARGETED_DEVICE_FAMILY = 1;
			};
			name = Debug;
		};
		470C6B0A2877BCA900AE5537 /* Release */ = {
			isa = XCBuildConfiguration;
			buildSettings = {
				ASSETCATALOG_COMPILER_APPICON_NAME = AppIcon;
				ASSETCATALOG_COMPILER_GLOBAL_ACCENT_COLOR_NAME = AccentColor;
				CODE_SIGN_STYLE = Automatic;
				CURRENT_PROJECT_VERSION = 1;
				DEVELOPMENT_TEAM = 78AHQ4893X;
				GENERATE_INFOPLIST_FILE = YES;
				INFOPLIST_FILE = MercadoLibreTest/App/Info.plist;
				INFOPLIST_KEY_UIApplicationSupportsIndirectInputEvents = YES;
				INFOPLIST_KEY_UILaunchStoryboardName = LaunchScreen;
				INFOPLIST_KEY_UISupportedInterfaceOrientations_iPad = "UIInterfaceOrientationPortrait UIInterfaceOrientationPortraitUpsideDown UIInterfaceOrientationLandscapeLeft UIInterfaceOrientationLandscapeRight";
				INFOPLIST_KEY_UISupportedInterfaceOrientations_iPhone = "UIInterfaceOrientationPortrait UIInterfaceOrientationLandscapeLeft UIInterfaceOrientationLandscapeRight";
				LD_RUNPATH_SEARCH_PATHS = (
					"$(inherited)",
					"@executable_path/Frameworks",
				);
				MARKETING_VERSION = 1.0;
				PRODUCT_BUNDLE_IDENTIFIER = com.jmonsalve.MercadoLibreTest;
				PRODUCT_NAME = "$(TARGET_NAME)";
				SWIFT_EMIT_LOC_STRINGS = YES;
				SWIFT_VERSION = 5.0;
				TARGETED_DEVICE_FAMILY = 1;
			};
			name = Release;
		};
		470C6B0C2877BCA900AE5537 /* Debug */ = {
			isa = XCBuildConfiguration;
			buildSettings = {
				ALWAYS_EMBED_SWIFT_STANDARD_LIBRARIES = YES;
				BUNDLE_LOADER = "$(TEST_HOST)";
				CODE_SIGN_STYLE = Automatic;
				CURRENT_PROJECT_VERSION = 1;
				DEVELOPMENT_TEAM = 78AHQ4893X;
				GENERATE_INFOPLIST_FILE = YES;
				IPHONEOS_DEPLOYMENT_TARGET = 15.5;
				MARKETING_VERSION = 1.0;
				PRODUCT_BUNDLE_IDENTIFIER = com.jmonsalve.MercadoLibreTestTests;
				PRODUCT_NAME = "$(TARGET_NAME)";
				SWIFT_EMIT_LOC_STRINGS = NO;
				SWIFT_VERSION = 5.0;
				TARGETED_DEVICE_FAMILY = "1,2";
				TEST_HOST = "$(BUILT_PRODUCTS_DIR)/MercadoLibreTest.app/MercadoLibreTest";
			};
			name = Debug;
		};
		470C6B0D2877BCA900AE5537 /* Release */ = {
			isa = XCBuildConfiguration;
			buildSettings = {
				ALWAYS_EMBED_SWIFT_STANDARD_LIBRARIES = YES;
				BUNDLE_LOADER = "$(TEST_HOST)";
				CODE_SIGN_STYLE = Automatic;
				CURRENT_PROJECT_VERSION = 1;
				DEVELOPMENT_TEAM = 78AHQ4893X;
				GENERATE_INFOPLIST_FILE = YES;
				IPHONEOS_DEPLOYMENT_TARGET = 15.5;
				MARKETING_VERSION = 1.0;
				PRODUCT_BUNDLE_IDENTIFIER = com.jmonsalve.MercadoLibreTestTests;
				PRODUCT_NAME = "$(TARGET_NAME)";
				SWIFT_EMIT_LOC_STRINGS = NO;
				SWIFT_VERSION = 5.0;
				TARGETED_DEVICE_FAMILY = "1,2";
				TEST_HOST = "$(BUILT_PRODUCTS_DIR)/MercadoLibreTest.app/MercadoLibreTest";
			};
			name = Release;
		};
		470C6B0F2877BCA900AE5537 /* Debug */ = {
			isa = XCBuildConfiguration;
			buildSettings = {
				ALWAYS_EMBED_SWIFT_STANDARD_LIBRARIES = YES;
				CODE_SIGN_STYLE = Automatic;
				CURRENT_PROJECT_VERSION = 1;
				DEVELOPMENT_TEAM = 78AHQ4893X;
				GENERATE_INFOPLIST_FILE = YES;
				MARKETING_VERSION = 1.0;
				PRODUCT_BUNDLE_IDENTIFIER = com.jmonsalve.MercadoLibreTestUITests;
				PRODUCT_NAME = "$(TARGET_NAME)";
				SWIFT_EMIT_LOC_STRINGS = NO;
				SWIFT_VERSION = 5.0;
				TARGETED_DEVICE_FAMILY = "1,2";
				TEST_TARGET_NAME = MercadoLibreTest;
			};
			name = Debug;
		};
		470C6B102877BCA900AE5537 /* Release */ = {
			isa = XCBuildConfiguration;
			buildSettings = {
				ALWAYS_EMBED_SWIFT_STANDARD_LIBRARIES = YES;
				CODE_SIGN_STYLE = Automatic;
				CURRENT_PROJECT_VERSION = 1;
				DEVELOPMENT_TEAM = 78AHQ4893X;
				GENERATE_INFOPLIST_FILE = YES;
				MARKETING_VERSION = 1.0;
				PRODUCT_BUNDLE_IDENTIFIER = com.jmonsalve.MercadoLibreTestUITests;
				PRODUCT_NAME = "$(TARGET_NAME)";
				SWIFT_EMIT_LOC_STRINGS = NO;
				SWIFT_VERSION = 5.0;
				TARGETED_DEVICE_FAMILY = "1,2";
				TEST_TARGET_NAME = MercadoLibreTest;
			};
			name = Release;
		};
/* End XCBuildConfiguration section */

/* Begin XCConfigurationList section */
		470C6AD92877BCA800AE5537 /* Build configuration list for PBXProject "MercadoLibreTest" */ = {
			isa = XCConfigurationList;
			buildConfigurations = (
				470C6B062877BCA900AE5537 /* Debug */,
				470C6B072877BCA900AE5537 /* Release */,
			);
			defaultConfigurationIsVisible = 0;
			defaultConfigurationName = Release;
		};
		470C6B082877BCA900AE5537 /* Build configuration list for PBXNativeTarget "MercadoLibreTest" */ = {
			isa = XCConfigurationList;
			buildConfigurations = (
				470C6B092877BCA900AE5537 /* Debug */,
				470C6B0A2877BCA900AE5537 /* Release */,
			);
			defaultConfigurationIsVisible = 0;
			defaultConfigurationName = Release;
		};
		470C6B0B2877BCA900AE5537 /* Build configuration list for PBXNativeTarget "MercadoLibreTestTests" */ = {
			isa = XCConfigurationList;
			buildConfigurations = (
				470C6B0C2877BCA900AE5537 /* Debug */,
				470C6B0D2877BCA900AE5537 /* Release */,
			);
			defaultConfigurationIsVisible = 0;
			defaultConfigurationName = Release;
		};
		470C6B0E2877BCA900AE5537 /* Build configuration list for PBXNativeTarget "MercadoLibreTestUITests" */ = {
			isa = XCConfigurationList;
			buildConfigurations = (
				470C6B0F2877BCA900AE5537 /* Debug */,
				470C6B102877BCA900AE5537 /* Release */,
			);
			defaultConfigurationIsVisible = 0;
			defaultConfigurationName = Release;
		};
/* End XCConfigurationList section */

/* Begin XCRemoteSwiftPackageReference section */
		47B4D7482878CA2F0036244B /* XCRemoteSwiftPackageReference "Alamofire" */ = {
			isa = XCRemoteSwiftPackageReference;
			repositoryURL = "https://github.com/Alamofire/Alamofire#installation";
			requirement = {
				kind = upToNextMajorVersion;
				minimumVersion = 5.0.0;
			};
		};
		47B4D74B2878CA650036244B /* XCRemoteSwiftPackageReference "Kingfisher" */ = {
			isa = XCRemoteSwiftPackageReference;
			repositoryURL = "https://github.com/onevcat/Kingfisher";
			requirement = {
				kind = upToNextMajorVersion;
				minimumVersion = 7.0.0;
			};
		};
/* End XCRemoteSwiftPackageReference section */

/* Begin XCSwiftPackageProductDependency section */
		47B4D7492878CA2F0036244B /* Alamofire */ = {
			isa = XCSwiftPackageProductDependency;
			package = 47B4D7482878CA2F0036244B /* XCRemoteSwiftPackageReference "Alamofire" */;
			productName = Alamofire;
		};
		47B4D74C2878CA650036244B /* Kingfisher */ = {
			isa = XCSwiftPackageProductDependency;
			package = 47B4D74B2878CA650036244B /* XCRemoteSwiftPackageReference "Kingfisher" */;
			productName = Kingfisher;
		};
/* End XCSwiftPackageProductDependency section */
	};
	rootObject = 470C6AD62877BCA800AE5537 /* Project object */;
}
